
Microsoft Visual Studio Solution File, Format Version 12.00
# Visual Studio Version 17
VisualStudioVersion = 17.4.33110.190
MinimumVisualStudioVersion = 10.0.40219.1
Project("{9A19103F-16F7-4668-BE54-9A1E7A4F7556}") = "FluxoCaixa.Domain", "FluxoCaixa.Domain\FluxoCaixa.Domain\FluxoCaixa.Domain.csproj", "{5CD933A7-33E8-4726-AED6-B1B4F6F6D37F}"
EndProject
Project("{9A19103F-16F7-4668-BE54-9A1E7A4F7556}") = "FluxoCaixa.Data", "FluxoCaixa.Data\FluxoCaixa.Data\FluxoCaixa.Data.csproj", "{AFDB824A-B71B-41A6-8332-E7E6908F1DCB}"
EndProject
Project("{9A19103F-16F7-4668-BE54-9A1E7A4F7556}") = "FluxoCaixa.Application", "FluxoCaixa.Application\FluxoCaixa.Application\FluxoCaixa.Application.csproj", "{2738A813-0400-42D6-8730-CF90E9547662}"
EndProject
Project("{9A19103F-16F7-4668-BE54-9A1E7A4F7556}") = "FluxoCaixa.API", "FluxoCaixa.Api\FluxoCaixa.API\FluxoCaixa.API.csproj", "{1DAFB486-B3A4-48CC-A6EA-3B1C7EE19775}"
EndProject
Global
	GlobalSection(SolutionConfigurationPlatforms) = preSolution
		Debug|Any CPU = Debug|Any CPU
		Release|Any CPU = Release|Any CPU
	EndGlobalSection
	GlobalSection(ProjectConfigurationPlatforms) = postSolution
		{5CD933A7-33E8-4726-AED6-B1B4F6F6D37F}.Debug|Any CPU.ActiveCfg = Debug|Any CPU
		{5CD933A7-33E8-4726-AED6-B1B4F6F6D37F}.Debug|Any CPU.Build.0 = Debug|Any CPU
		{5CD933A7-33E8-4726-AED6-B1B4F6F6D37F}.Release|Any CPU.ActiveCfg = Release|Any CPU
		{5CD933A7-33E8-4726-AED6-B1B4F6F6D37F}.Release|Any CPU.Build.0 = Release|Any CPU
		{AFDB824A-B71B-41A6-8332-E7E6908F1DCB}.Debug|Any CPU.ActiveCfg = Debug|Any CPU
		{AFDB824A-B71B-41A6-8332-E7E6908F1DCB}.Debug|Any CPU.Build.0 = Debug|Any CPU
		{AFDB824A-B71B-41A6-8332-E7E6908F1DCB}.Release|Any CPU.ActiveCfg = Release|Any CPU
		{AFDB824A-B71B-41A6-8332-E7E6908F1DCB}.Release|Any CPU.Build.0 = Release|Any CPU
		{2738A813-0400-42D6-8730-CF90E9547662}.Debug|Any CPU.ActiveCfg = Debug|Any CPU
		{2738A813-0400-42D6-8730-CF90E9547662}.Debug|Any CPU.Build.0 = Debug|Any CPU
		{2738A813-0400-42D6-8730-CF90E9547662}.Release|Any CPU.ActiveCfg = Release|Any CPU
		{2738A813-0400-42D6-8730-CF90E9547662}.Release|Any CPU.Build.0 = Release|Any CPU
		{1DAFB486-B3A4-48CC-A6EA-3B1C7EE19775}.Debug|Any CPU.ActiveCfg = Debug|Any CPU
		{1DAFB486-B3A4-48CC-A6EA-3B1C7EE19775}.Debug|Any CPU.Build.0 = Debug|Any CPU
		{1DAFB486-B3A4-48CC-A6EA-3B1C7EE19775}.Release|Any CPU.ActiveCfg = Release|Any CPU
		{1DAFB486-B3A4-48CC-A6EA-3B1C7EE19775}.Release|Any CPU.Build.0 = Release|Any CPU
	EndGlobalSection
	GlobalSection(SolutionProperties) = preSolution
		HideSolutionNode = FALSE
	EndGlobalSection
	GlobalSection(ExtensibilityGlobals) = postSolution
		SolutionGuid = {3178BE3A-0D47-4FD8-BDA6-DABAA68FD010}
	EndGlobalSection
EndGlobal
